
Microsoft Visual Studio Solution File, Format Version 12.00
# Visual Studio 2012
Project("{FAE04EC0-301F-11D3-BF4B-00C04F79EFBC}") = "FateDeck.Tests", "src\FateDeck.Tests\FateDeck.Tests.csproj", "{72E8677C-8C68-43FE-8B21-384B5C9ED0D8}"
EndProject
Project("{FAE04EC0-301F-11D3-BF4B-00C04F79EFBC}") = "FateDeck.Web", "src\FateDeck.Web\FateDeck.Web.csproj", "{FE7AC0C7-D5F5-4BCA-B6AB-FB3E20241A86}"
EndProject
Global
	GlobalSection(SolutionConfigurationPlatforms) = preSolution
		Debug|Any CPU = Debug|Any CPU
		Release|Any CPU = Release|Any CPU
	EndGlobalSection
	GlobalSection(ProjectConfigurationPlatforms) = postSolution
		{72E8677C-8C68-43FE-8B21-384B5C9ED0D8}.Debug|Any CPU.ActiveCfg = Debug|Any CPU
		{72E8677C-8C68-43FE-8B21-384B5C9ED0D8}.Debug|Any CPU.Build.0 = Debug|Any CPU
		{72E8677C-8C68-43FE-8B21-384B5C9ED0D8}.Release|Any CPU.ActiveCfg = Release|Any CPU
		{72E8677C-8C68-43FE-8B21-384B5C9ED0D8}.Release|Any CPU.Build.0 = Release|Any CPU
		{FE7AC0C7-D5F5-4BCA-B6AB-FB3E20241A86}.Debug|Any CPU.ActiveCfg = Debug|Any CPU
		{FE7AC0C7-D5F5-4BCA-B6AB-FB3E20241A86}.Debug|Any CPU.Build.0 = Debug|Any CPU
		{FE7AC0C7-D5F5-4BCA-B6AB-FB3E20241A86}.Release|Any CPU.ActiveCfg = Release|Any CPU
		{FE7AC0C7-D5F5-4BCA-B6AB-FB3E20241A86}.Release|Any CPU.Build.0 = Release|Any CPU
	EndGlobalSection
	GlobalSection(SolutionProperties) = preSolution
		HideSolutionNode = FALSE
	EndGlobalSection
EndGlobal
